
Microsoft Visual Studio Solution File, Format Version 12.00
# Visual Studio Version 17
VisualStudioVersion = 17.13.35818.85 d17.13
MinimumVisualStudioVersion = 10.0.40219.1
Project("{FAE04EC0-301F-11D3-BF4B-00C04F79EFBC}") = "WinFormsApp4", "WinFormsApp4\WinFormsApp4.csproj", "{5BAB9B95-8FF8-48B2-8F7C-D12D08171885}"
EndProject
Global
	GlobalSection(SolutionConfigurationPlatforms) = preSolution
		Debug|Any CPU = Debug|Any CPU
		Release|Any CPU = Release|Any CPU
	EndGlobalSection
	GlobalSection(ProjectConfigurationPlatforms) = postSolution
		{5BAB9B95-8FF8-48B2-8F7C-D12D08171885}.Debug|Any CPU.ActiveCfg = Debug|Any CPU
		{5BAB9B95-8FF8-48B2-8F7C-D12D08171885}.Debug|Any CPU.Build.0 = Debug|Any CPU
		{5BAB9B95-8FF8-48B2-8F7C-D12D08171885}.Release|Any CPU.ActiveCfg = Release|Any CPU
		{5BAB9B95-8FF8-48B2-8F7C-D12D08171885}.Release|Any CPU.Build.0 = Release|Any CPU
	EndGlobalSection
	GlobalSection(SolutionProperties) = preSolution
		HideSolutionNode = FALSE
	EndGlobalSection
	GlobalSection(ExtensibilityGlobals) = postSolution
		SolutionGuid = {55338F10-AB1C-48D4-8980-033010550E8F}
	EndGlobalSection
EndGlobal
